
Microsoft Visual Studio Solution File, Format Version 12.00
# Visual Studio Version 16
VisualStudioVersion = 16.0.30204.135
MinimumVisualStudioVersion = 10.0.40219.1
Project("{FAE04EC0-301F-11D3-BF4B-00C04F79EFBC}") = "TagsCloudVisualization", "TagsCloudVisualization\TagsCloudVisualization.csproj", "{78DA9F5A-1E96-4088-862D-2EAA1EEA3DC0}"
EndProject
Global
	GlobalSection(SolutionConfigurationPlatforms) = preSolution
		Debug|Any CPU = Debug|Any CPU
		Release|Any CPU = Release|Any CPU
	EndGlobalSection
	GlobalSection(ProjectConfigurationPlatforms) = postSolution
		{78DA9F5A-1E96-4088-862D-2EAA1EEA3DC0}.Debug|Any CPU.ActiveCfg = Debug|Any CPU
		{78DA9F5A-1E96-4088-862D-2EAA1EEA3DC0}.Debug|Any CPU.Build.0 = Debug|Any CPU
		{78DA9F5A-1E96-4088-862D-2EAA1EEA3DC0}.Release|Any CPU.ActiveCfg = Release|Any CPU
		{78DA9F5A-1E96-4088-862D-2EAA1EEA3DC0}.Release|Any CPU.Build.0 = Release|Any CPU
	EndGlobalSection
	GlobalSection(SolutionProperties) = preSolution
		HideSolutionNode = FALSE
	EndGlobalSection
	GlobalSection(ExtensibilityGlobals) = postSolution
		SolutionGuid = {25E69EDC-5C59-4FC6-BAEC-A189E66178FD}
	EndGlobalSection
EndGlobal
