
Microsoft Visual Studio Solution File, Format Version 12.00
# Visual Studio Version 16
VisualStudioVersion = 16.0.31727.386
MinimumVisualStudioVersion = 10.0.40219.1
Project("{9A19103F-16F7-4668-BE54-9A1E7A4F7556}") = "BowlingGame", "BowlingGame\BowlingGame.csproj", "{AD0F018A-732E-4074-8527-AB2EEC8D0BF3}"
EndProject
Project("{9A19103F-16F7-4668-BE54-9A1E7A4F7556}") = "Samples", "Samples\Samples.csproj", "{B5108E20-2ACF-4ED9-84FE-2A718050FC94}"
EndProject
Project("{9A19103F-16F7-4668-BE54-9A1E7A4F7556}") = "CircularLayoutVisualisation", "CircularLayoutVisualisation\CircularLayoutVisualisation.csproj", "{69E94340-AE3D-4F59-9F25-384A3EA9E2F0}"
EndProject
Project("{9A19103F-16F7-4668-BE54-9A1E7A4F7556}") = "TagsCloudVisualization", "TagsCloudVisualization\TagsCloudVisualization.csproj", "{FFCF9FC6-FFD1-4A7E-8E3E-6A5A4E6614DF}"
EndProject
Project("{FAE04EC0-301F-11D3-BF4B-00C04F79EFBC}") = "TagsCloudVisualisation_Tests", "TagsCloudVisualisation_Tests\TagsCloudVisualisation_Tests.csproj", "{AA6B7FC2-1917-4A25-8583-BA71BE8FCD33}"
	ProjectSection(ProjectDependencies) = postProject
		{FFCF9FC6-FFD1-4A7E-8E3E-6A5A4E6614DF} = {FFCF9FC6-FFD1-4A7E-8E3E-6A5A4E6614DF}
	EndProjectSection
EndProject
Global
	GlobalSection(SolutionConfigurationPlatforms) = preSolution
		Debug|Any CPU = Debug|Any CPU
		Release|Any CPU = Release|Any CPU
	EndGlobalSection
	GlobalSection(ProjectConfigurationPlatforms) = postSolution
		{AD0F018A-732E-4074-8527-AB2EEC8D0BF3}.Debug|Any CPU.ActiveCfg = Debug|Any CPU
		{AD0F018A-732E-4074-8527-AB2EEC8D0BF3}.Debug|Any CPU.Build.0 = Debug|Any CPU
		{AD0F018A-732E-4074-8527-AB2EEC8D0BF3}.Release|Any CPU.ActiveCfg = Release|Any CPU
		{AD0F018A-732E-4074-8527-AB2EEC8D0BF3}.Release|Any CPU.Build.0 = Release|Any CPU
		{B5108E20-2ACF-4ED9-84FE-2A718050FC94}.Debug|Any CPU.ActiveCfg = Debug|Any CPU
		{B5108E20-2ACF-4ED9-84FE-2A718050FC94}.Debug|Any CPU.Build.0 = Debug|Any CPU
		{B5108E20-2ACF-4ED9-84FE-2A718050FC94}.Release|Any CPU.ActiveCfg = Release|Any CPU
		{B5108E20-2ACF-4ED9-84FE-2A718050FC94}.Release|Any CPU.Build.0 = Release|Any CPU
		{69E94340-AE3D-4F59-9F25-384A3EA9E2F0}.Debug|Any CPU.ActiveCfg = Debug|Any CPU
		{69E94340-AE3D-4F59-9F25-384A3EA9E2F0}.Debug|Any CPU.Build.0 = Debug|Any CPU
		{69E94340-AE3D-4F59-9F25-384A3EA9E2F0}.Release|Any CPU.ActiveCfg = Release|Any CPU
		{69E94340-AE3D-4F59-9F25-384A3EA9E2F0}.Release|Any CPU.Build.0 = Release|Any CPU
		{FFCF9FC6-FFD1-4A7E-8E3E-6A5A4E6614DF}.Debug|Any CPU.ActiveCfg = Debug|Any CPU
		{FFCF9FC6-FFD1-4A7E-8E3E-6A5A4E6614DF}.Debug|Any CPU.Build.0 = Debug|Any CPU
		{FFCF9FC6-FFD1-4A7E-8E3E-6A5A4E6614DF}.Release|Any CPU.ActiveCfg = Release|Any CPU
		{FFCF9FC6-FFD1-4A7E-8E3E-6A5A4E6614DF}.Release|Any CPU.Build.0 = Release|Any CPU
		{AA6B7FC2-1917-4A25-8583-BA71BE8FCD33}.Debug|Any CPU.ActiveCfg = Debug|Any CPU
		{AA6B7FC2-1917-4A25-8583-BA71BE8FCD33}.Debug|Any CPU.Build.0 = Debug|Any CPU
		{AA6B7FC2-1917-4A25-8583-BA71BE8FCD33}.Release|Any CPU.ActiveCfg = Release|Any CPU
		{AA6B7FC2-1917-4A25-8583-BA71BE8FCD33}.Release|Any CPU.Build.0 = Release|Any CPU
	EndGlobalSection
	GlobalSection(SolutionProperties) = preSolution
		HideSolutionNode = FALSE
	EndGlobalSection
	GlobalSection(ExtensibilityGlobals) = postSolution
		SolutionGuid = {79291A87-5923-4A21-B563-8115598F8531}
	EndGlobalSection
EndGlobal
