
Microsoft Visual Studio Solution File, Format Version 12.00
# Visual Studio 15
VisualStudioVersion = 15.0.27703.2000
MinimumVisualStudioVersion = 10.0.40219.1
Project("{FAE04EC0-301F-11D3-BF4B-00C04F79EFBC}") = "TagsCloudVisualization", "TagsCloudVisualization\TagsCloudVisualization.csproj", "{E5683241-6694-4440-AE83-E53CDE10088F}"
EndProject
Project("{FAE04EC0-301F-11D3-BF4B-00C04F79EFBC}") = "TagCloudVisualizationTests", "TagClouVisualizationTest\TagCloudVisualizationTests.csproj", "{6463516B-837B-4718-B565-4678D94C2D9E}"
EndProject
Global
	GlobalSection(SolutionConfigurationPlatforms) = preSolution
		Debug|Any CPU = Debug|Any CPU
		Release|Any CPU = Release|Any CPU
	EndGlobalSection
	GlobalSection(ProjectConfigurationPlatforms) = postSolution
		{E5683241-6694-4440-AE83-E53CDE10088F}.Debug|Any CPU.ActiveCfg = Debug|Any CPU
		{E5683241-6694-4440-AE83-E53CDE10088F}.Debug|Any CPU.Build.0 = Debug|Any CPU
		{E5683241-6694-4440-AE83-E53CDE10088F}.Release|Any CPU.ActiveCfg = Release|Any CPU
		{E5683241-6694-4440-AE83-E53CDE10088F}.Release|Any CPU.Build.0 = Release|Any CPU
		{6463516B-837B-4718-B565-4678D94C2D9E}.Debug|Any CPU.ActiveCfg = Debug|Any CPU
		{6463516B-837B-4718-B565-4678D94C2D9E}.Debug|Any CPU.Build.0 = Debug|Any CPU
		{6463516B-837B-4718-B565-4678D94C2D9E}.Release|Any CPU.ActiveCfg = Release|Any CPU
		{6463516B-837B-4718-B565-4678D94C2D9E}.Release|Any CPU.Build.0 = Release|Any CPU
	EndGlobalSection
	GlobalSection(SolutionProperties) = preSolution
		HideSolutionNode = FALSE
	EndGlobalSection
	GlobalSection(ExtensibilityGlobals) = postSolution
		SolutionGuid = {4D8681BA-A85B-498E-93DF-7033FDFFDAD8}
	EndGlobalSection
EndGlobal
