
Microsoft Visual Studio Solution File, Format Version 12.00
Project("{FAE04EC0-301F-11D3-BF4B-00C04F79EFBC}") = "TagCloud", "TagCloud\TagCloud.csproj", "{3431AFE9-3F2F-4C1C-AD8F-75D2D816DF59}"
EndProject
Global
	GlobalSection(SolutionConfigurationPlatforms) = preSolution
		Debug|Any CPU = Debug|Any CPU
		Release|Any CPU = Release|Any CPU
	EndGlobalSection
	GlobalSection(ProjectConfigurationPlatforms) = postSolution
		{3431AFE9-3F2F-4C1C-AD8F-75D2D816DF59}.Debug|Any CPU.ActiveCfg = Debug|Any CPU
		{3431AFE9-3F2F-4C1C-AD8F-75D2D816DF59}.Debug|Any CPU.Build.0 = Debug|Any CPU
		{3431AFE9-3F2F-4C1C-AD8F-75D2D816DF59}.Release|Any CPU.ActiveCfg = Release|Any CPU
		{3431AFE9-3F2F-4C1C-AD8F-75D2D816DF59}.Release|Any CPU.Build.0 = Release|Any CPU
	EndGlobalSection
EndGlobal
