
Microsoft Visual Studio Solution File, Format Version 12.00
Project("{FAE04EC0-301F-11D3-BF4B-00C04F79EFBC}") = "TagCloudTests", "TagCloudTests\TagCloudTests.csproj", "{103B8A61-9DB3-4CAC-AA5C-C9EBED3263D0}"
EndProject
Project("{FAE04EC0-301F-11D3-BF4B-00C04F79EFBC}") = "TagsCloudVisualization", "TagsCloudVisualization\TagsCloudVisualization.csproj", "{18CE2A59-6D4B-4179-84DF-460CBDCC058B}"
EndProject
Global
	GlobalSection(SolutionConfigurationPlatforms) = preSolution
		Debug|Any CPU = Debug|Any CPU
		Release|Any CPU = Release|Any CPU
	EndGlobalSection
	GlobalSection(ProjectConfigurationPlatforms) = postSolution
		{103B8A61-9DB3-4CAC-AA5C-C9EBED3263D0}.Debug|Any CPU.ActiveCfg = Debug|Any CPU
		{103B8A61-9DB3-4CAC-AA5C-C9EBED3263D0}.Debug|Any CPU.Build.0 = Debug|Any CPU
		{103B8A61-9DB3-4CAC-AA5C-C9EBED3263D0}.Release|Any CPU.ActiveCfg = Release|Any CPU
		{103B8A61-9DB3-4CAC-AA5C-C9EBED3263D0}.Release|Any CPU.Build.0 = Release|Any CPU
		{18CE2A59-6D4B-4179-84DF-460CBDCC058B}.Debug|Any CPU.ActiveCfg = Debug|Any CPU
		{18CE2A59-6D4B-4179-84DF-460CBDCC058B}.Debug|Any CPU.Build.0 = Debug|Any CPU
		{18CE2A59-6D4B-4179-84DF-460CBDCC058B}.Release|Any CPU.ActiveCfg = Release|Any CPU
		{18CE2A59-6D4B-4179-84DF-460CBDCC058B}.Release|Any CPU.Build.0 = Release|Any CPU
	EndGlobalSection
EndGlobal
